
Microsoft Visual Studio Solution File, Format Version 12.00
# Visual Studio Version 16
VisualStudioVersion = 16.0.29215.179
MinimumVisualStudioVersion = 10.0.40219.1
Project("{FAE04EC0-301F-11D3-BF4B-00C04F79EFBC}") = "GpsFilter", "GpsFilter.csproj", "{67DD36A9-348E-43E1-828D-659D2F57C705}"
EndProject
Global
	GlobalSection(SolutionConfigurationPlatforms) = preSolution
		Debug|Any CPU = Debug|Any CPU
		Release|Any CPU = Release|Any CPU
	EndGlobalSection
	GlobalSection(ProjectConfigurationPlatforms) = postSolution
		{67DD36A9-348E-43E1-828D-659D2F57C705}.Debug|Any CPU.ActiveCfg = Debug|Any CPU
		{67DD36A9-348E-43E1-828D-659D2F57C705}.Debug|Any CPU.Build.0 = Debug|Any CPU
		{67DD36A9-348E-43E1-828D-659D2F57C705}.Release|Any CPU.ActiveCfg = Release|Any CPU
		{67DD36A9-348E-43E1-828D-659D2F57C705}.Release|Any CPU.Build.0 = Release|Any CPU
	EndGlobalSection
	GlobalSection(SolutionProperties) = preSolution
		HideSolutionNode = FALSE
	EndGlobalSection
	GlobalSection(ExtensibilityGlobals) = postSolution
		SolutionGuid = {A2ECD4E4-4892-41D3-8747-9C388643C07E}
	EndGlobalSection
EndGlobal
